
Microsoft Visual Studio Solution File, Format Version 12.00
# Visual Studio 15
VisualStudioVersion = 15.0.26730.8
MinimumVisualStudioVersion = 10.0.40219.1
Project("{FAE04EC0-301F-11D3-BF4B-00C04F79EFBC}") = "TrainingLogAPI", "TrainingLogAPI\TrainingLogAPI.csproj", "{7DED4CDA-3F85-41E0-961D-2A2297416051}"
EndProject
Project("{FAE04EC0-301F-11D3-BF4B-00C04F79EFBC}") = "TrainingLogAPI.Tests", "TrainingLogAPI.Tests\TrainingLogAPI.Tests.csproj", "{CECBB2C2-279C-4F81-90D2-BA213E324481}"
EndProject
Global
	GlobalSection(SolutionConfigurationPlatforms) = preSolution
		Debug|Any CPU = Debug|Any CPU
		Release|Any CPU = Release|Any CPU
	EndGlobalSection
	GlobalSection(ProjectConfigurationPlatforms) = postSolution
		{7DED4CDA-3F85-41E0-961D-2A2297416051}.Debug|Any CPU.ActiveCfg = Debug|Any CPU
		{7DED4CDA-3F85-41E0-961D-2A2297416051}.Debug|Any CPU.Build.0 = Debug|Any CPU
		{7DED4CDA-3F85-41E0-961D-2A2297416051}.Release|Any CPU.ActiveCfg = Release|Any CPU
		{7DED4CDA-3F85-41E0-961D-2A2297416051}.Release|Any CPU.Build.0 = Release|Any CPU
		{CECBB2C2-279C-4F81-90D2-BA213E324481}.Debug|Any CPU.ActiveCfg = Debug|Any CPU
		{CECBB2C2-279C-4F81-90D2-BA213E324481}.Debug|Any CPU.Build.0 = Debug|Any CPU
		{CECBB2C2-279C-4F81-90D2-BA213E324481}.Release|Any CPU.ActiveCfg = Release|Any CPU
		{CECBB2C2-279C-4F81-90D2-BA213E324481}.Release|Any CPU.Build.0 = Release|Any CPU
	EndGlobalSection
	GlobalSection(SolutionProperties) = preSolution
		HideSolutionNode = FALSE
	EndGlobalSection
	GlobalSection(ExtensibilityGlobals) = postSolution
		SolutionGuid = {ADC6E94F-9D56-48C7-8232-E9AA1F2E3C5C}
	EndGlobalSection
EndGlobal
